{
  "lockfile_version": "1",
  "packages": {
    "mariadb@latest": {
      "last_modified": "2024-08-18T12:44:29Z",
      "plugin_version": "0.0.4",
      "resolved": "github:NixOS/nixpkgs/ff1c2669bbb4d0dd9e62cc94f0968cfa652ceec1#mariadb_110",
      "source": "devbox-search",
      "version": "11.0.6",
      "systems": {
        "aarch64-darwin": {
          "outputs": [
            {
              "name": "out",
              "path": "/nix/store/ds5pmy8kars6wi90f461pq1pir68zm6k-mariadb-server-11.0.6",
              "default": true
            },
            {
              "name": "man",
              "path": "/nix/store/5rpzpbq4x783w7g36r6xzmy2c9fxdvjd-mariadb-server-11.0.6-man",
              "default": true
            }
          ],
          "store_path": "/nix/store/ds5pmy8kars6wi90f461pq1pir68zm6k-mariadb-server-11.0.6"
        },
        "aarch64-linux": {
          "outputs": [
            {
              "name": "out",
              "path": "/nix/store/psb7dk46nimsfn3rydaqgs3iciiyyfrk-mariadb-server-11.0.6",
              "default": true
            },
            {
              "name": "man",
              "path": "/nix/store/6cj1y7xl0hqmypi96j3a46pavw253yhd-mariadb-server-11.0.6-man",
              "default": true
            }
          ],
          "store_path": "/nix/store/psb7dk46nimsfn3rydaqgs3iciiyyfrk-mariadb-server-11.0.6"
        },
        "x86_64-darwin": {
          "outputs": [
            {
              "name": "out",
              "path": "/nix/store/dhdmjcvq866ja3cxl0d115s8mgs8in8i-mariadb-server-11.0.6",
              "default": true
            },
            {
              "name": "man",
              "path": "/nix/store/w6d1yscwyh1l8ks27xayzjdbbc6isgg4-mariadb-server-11.0.6-man",
              "default": true
            }
          ],
          "store_path": "/nix/store/dhdmjcvq866ja3cxl0d115s8mgs8in8i-mariadb-server-11.0.6"
        },
        "x86_64-linux": {
          "outputs": [
            {
              "name": "out",
              "path": "/nix/store/165y8p8b2i4956ddqvnf9n73qjvfym34-mariadb-server-11.0.6",
              "default": true
            },
            {
              "name": "man",
              "path": "/nix/store/0xja67j2c2wzgfvjghmnaff8pr3fhfkc-mariadb-server-11.0.6-man",
              "default": true
            }
          ],
          "store_path": "/nix/store/165y8p8b2i4956ddqvnf9n73qjvfym34-mariadb-server-11.0.6"
        }
      }
    },
    "nodejs@latest": {
      "last_modified": "2024-08-18T12:44:29Z",
      "plugin_version": "0.0.2",
      "resolved": "github:NixOS/nixpkgs/ff1c2669bbb4d0dd9e62cc94f0968cfa652ceec1#nodejs_22",
      "source": "devbox-search",
      "version": "22.5.1",
      "systems": {
        "aarch64-darwin": {
          "outputs": [
            {
              "name": "out",
              "path": "/nix/store/vbbk37g24vayjad0jzi7jyf92rbadz7l-nodejs-22.5.1",
              "default": true
            },
            {
              "name": "libv8",
              "path": "/nix/store/yz4k4kg5spvnr5hfl0zam0180qmi82nk-nodejs-22.5.1-libv8"
            }
          ],
          "store_path": "/nix/store/vbbk37g24vayjad0jzi7jyf92rbadz7l-nodejs-22.5.1"
        },
        "aarch64-linux": {
          "outputs": [
            {
              "name": "out",
              "path": "/nix/store/85ngdpilv2mdhb8b5fmqzrbnkhin7jwn-nodejs-22.5.1",
              "default": true
            },
            {
              "name": "libv8",
              "path": "/nix/store/12a20901b329n3zj9b1a0c5swcm37yvy-nodejs-22.5.1-libv8"
            }
          ],
          "store_path": "/nix/store/85ngdpilv2mdhb8b5fmqzrbnkhin7jwn-nodejs-22.5.1"
        },
        "x86_64-darwin": {
          "outputs": [
            {
              "name": "out",
              "path": "/nix/store/nzjjzxmab6ph0s4dprqw1b6v9piancsi-nodejs-22.5.1",
              "default": true
            },
            {
              "name": "libv8",
              "path": "/nix/store/xnxcqr676ffb62gkz3nwh4zyiarla7hi-nodejs-22.5.1-libv8"
            }
          ],
          "store_path": "/nix/store/nzjjzxmab6ph0s4dprqw1b6v9piancsi-nodejs-22.5.1"
        },
        "x86_64-linux": {
          "outputs": [
            {
              "name": "out",
              "path": "/nix/store/kxy4210mqs50ribr9dj2y6r03mbmjifj-nodejs-22.5.1",
              "default": true
            },
            {
              "name": "libv8",
              "path": "/nix/store/ii07lzp5c0h21g1cm681bimak86np677-nodejs-22.5.1-libv8"
            }
          ],
          "store_path": "/nix/store/kxy4210mqs50ribr9dj2y6r03mbmjifj-nodejs-22.5.1"
        }
      }
    },
    "python312Packages.mysqlclient@latest": {
      "last_modified": "2024-08-18T12:44:29Z",
      "resolved": "github:NixOS/nixpkgs/ff1c2669bbb4d0dd9e62cc94f0968cfa652ceec1#python312Packages.mysqlclient",
      "source": "devbox-search",
      "version": "2.2.4",
      "systems": {
        "aarch64-darwin": {
          "outputs": [
            {
              "name": "out",
              "path": "/nix/store/qkfiayhpjqxd929c4mgj22rki0fh2bis-python3.12-mysqlclient-2.2.4",
              "default": true
            },
            {
              "name": "dist",
              "path": "/nix/store/jdmzmy5ziab0b5cnnx8ah3fqpqbmhyjb-python3.12-mysqlclient-2.2.4-dist"
            }
          ],
          "store_path": "/nix/store/qkfiayhpjqxd929c4mgj22rki0fh2bis-python3.12-mysqlclient-2.2.4"
        },
        "aarch64-linux": {
          "outputs": [
            {
              "name": "out",
              "path": "/nix/store/9jk2wfwx62lxgzi9sa4phgh7xj61njxm-python3.12-mysqlclient-2.2.4",
              "default": true
            },
            {
              "name": "dist",
              "path": "/nix/store/lx5kbkxcq0pwn6jm8pd3mj10nzk9gwn0-python3.12-mysqlclient-2.2.4-dist"
            }
          ],
          "store_path": "/nix/store/9jk2wfwx62lxgzi9sa4phgh7xj61njxm-python3.12-mysqlclient-2.2.4"
        },
        "x86_64-darwin": {
          "outputs": [
            {
              "name": "out",
              "path": "/nix/store/548rvcg62bx4k3wxnyph7wvxczkrfids-python3.12-mysqlclient-2.2.4",
              "default": true
            },
            {
              "name": "dist",
              "path": "/nix/store/4cjm4d55k0cfbxff9q4bw5av93mxda6l-python3.12-mysqlclient-2.2.4-dist"
            }
          ],
          "store_path": "/nix/store/548rvcg62bx4k3wxnyph7wvxczkrfids-python3.12-mysqlclient-2.2.4"
        },
        "x86_64-linux": {
          "outputs": [
            {
              "name": "out",
              "path": "/nix/store/wc1y1cicc7g87273kp3aabv67s33zksy-python3.12-mysqlclient-2.2.4",
              "default": true
            },
            {
              "name": "dist",
              "path": "/nix/store/r6v0mxn0gzrzf18a1c66bh73jynsvs8l-python3.12-mysqlclient-2.2.4-dist"
            }
          ],
          "store_path": "/nix/store/wc1y1cicc7g87273kp3aabv67s33zksy-python3.12-mysqlclient-2.2.4"
        }
      }
    },
    "python@latest": {
      "last_modified": "2024-08-17T01:07:41Z",
      "plugin_version": "0.0.3",
      "resolved": "github:NixOS/nixpkgs/cd7b95ee3725af7113bacbce91dd6549cee58ca5#python3",
      "source": "devbox-search",
      "version": "3.12.4",
      "systems": {
        "aarch64-darwin": {
          "outputs": [
            {
              "name": "out",
              "path": "/nix/store/xnm9sbp02pp2704dvx4kb8g0yxn263pn-python3-3.12.4",
              "default": true
            }
          ],
          "store_path": "/nix/store/xnm9sbp02pp2704dvx4kb8g0yxn263pn-python3-3.12.4"
        },
        "aarch64-linux": {
          "outputs": [
            {
              "name": "out",
              "path": "/nix/store/wviq85xs5awfp75mj5sjq9mn1nkqhq12-python3-3.12.4",
              "default": true
            },
            {
              "name": "debug",
              "path": "/nix/store/cglyj6nr5rcr0j9c36xqvybk5rj7hi6x-python3-3.12.4-debug"
            }
          ],
          "store_path": "/nix/store/wviq85xs5awfp75mj5sjq9mn1nkqhq12-python3-3.12.4"
        },
        "x86_64-darwin": {
          "outputs": [
            {
              "name": "out",
              "path": "/nix/store/dc7kp6g4s76jlfjhjdpibjfc8pglhlcs-python3-3.12.4",
              "default": true
            }
          ],
          "store_path": "/nix/store/dc7kp6g4s76jlfjhjdpibjfc8pglhlcs-python3-3.12.4"
        },
        "x86_64-linux": {
          "outputs": [
            {
              "name": "out",
              "path": "/nix/store/04gg5w1s662l329a8kh9xcwyp0k64v5a-python3-3.12.4",
              "default": true
            },
            {
              "name": "debug",
              "path": "/nix/store/w2ycb82p1q4xdpm2pzcqk7k58f89wv6l-python3-3.12.4-debug"
            }
          ],
          "store_path": "/nix/store/04gg5w1s662l329a8kh9xcwyp0k64v5a-python3-3.12.4"
        }
      }
    }
  }
}
