{
  "lockfile_version": "1",
  "packages": {
    "mariadb@latest": {
      "last_modified": "2024-08-18T12:44:29Z",
      "plugin_version": "0.0.4",
      "resolved": "github:NixOS/nixpkgs/ff1c2669bbb4d0dd9e62cc94f0968cfa652ceec1#mariadb_110",
      "source": "devbox-search",
      "version": "11.0.6",
      "systems": {
        "aarch64-darwin": {
          "outputs": [
            {
              "name": "out",
              "path": "/nix/store/ds5pmy8kars6wi90f461pq1pir68zm6k-mariadb-server-11.0.6",
              "default": true
            },
            {
              "name": "man",
              "path": "/nix/store/5rpzpbq4x783w7g36r6xzmy2c9fxdvjd-mariadb-server-11.0.6-man",
              "default": true
            }
          ],
          "store_path": "/nix/store/ds5pmy8kars6wi90f461pq1pir68zm6k-mariadb-server-11.0.6"
        },
        "aarch64-linux": {
          "outputs": [
            {
              "name": "out",
              "path": "/nix/store/psb7dk46nimsfn3rydaqgs3iciiyyfrk-mariadb-server-11.0.6",
              "default": true
            },
            {
              "name": "man",
              "path": "/nix/store/6cj1y7xl0hqmypi96j3a46pavw253yhd-mariadb-server-11.0.6-man",
              "default": true
            }
          ],
          "store_path": "/nix/store/psb7dk46nimsfn3rydaqgs3iciiyyfrk-mariadb-server-11.0.6"
        },
        "x86_64-darwin": {
          "outputs": [
            {
              "name": "out",
              "path": "/nix/store/dhdmjcvq866ja3cxl0d115s8mgs8in8i-mariadb-server-11.0.6",
              "default": true
            },
            {
              "name": "man",
              "path": "/nix/store/w6d1yscwyh1l8ks27xayzjdbbc6isgg4-mariadb-server-11.0.6-man",
              "default": true
            }
          ],
          "store_path": "/nix/store/dhdmjcvq866ja3cxl0d115s8mgs8in8i-mariadb-server-11.0.6"
        },
        "x86_64-linux": {
          "outputs": [
            {
              "name": "out",
              "path": "/nix/store/165y8p8b2i4956ddqvnf9n73qjvfym34-mariadb-server-11.0.6",
              "default": true
            },
            {
              "name": "man",
              "path": "/nix/store/0xja67j2c2wzgfvjghmnaff8pr3fhfkc-mariadb-server-11.0.6-man",
              "default": true
            }
          ],
          "store_path": "/nix/store/165y8p8b2i4956ddqvnf9n73qjvfym34-mariadb-server-11.0.6"
        }
      }
    },
    "nodejs@latest": {
      "last_modified": "2024-08-31T10:12:23Z",
      "plugin_version": "0.0.2",
      "resolved": "github:NixOS/nixpkgs/5629520edecb69630a3f4d17d3d33fc96c13f6fe#nodejs_22",
      "source": "devbox-search",
      "version": "22.6.0",
      "systems": {
        "aarch64-darwin": {
          "outputs": [
            {
              "name": "out",
              "path": "/nix/store/h0lgf92wq4ip40d15mdah4548s5ck3lm-nodejs-22.6.0",
              "default": true
            },
            {
              "name": "libv8",
              "path": "/nix/store/cvyxkafalvlc8nymm9qghmd23lcsdq73-nodejs-22.6.0-libv8"
            }
          ],
          "store_path": "/nix/store/h0lgf92wq4ip40d15mdah4548s5ck3lm-nodejs-22.6.0"
        },
        "aarch64-linux": {
          "outputs": [
            {
              "name": "out",
              "path": "/nix/store/i43skcppvpbprz429nlf6xh6x6gjk1w0-nodejs-22.6.0",
              "default": true
            },
            {
              "name": "libv8",
              "path": "/nix/store/1k0qb1hlhxzd45yirswq9ryzi8h2lzj7-nodejs-22.6.0-libv8"
            }
          ],
          "store_path": "/nix/store/i43skcppvpbprz429nlf6xh6x6gjk1w0-nodejs-22.6.0"
        },
        "x86_64-darwin": {
          "outputs": [
            {
              "name": "out",
              "path": "/nix/store/vpz3z6kvx63xiwgippddkp62vi4h8g3z-nodejs-22.6.0",
              "default": true
            },
            {
              "name": "libv8",
              "path": "/nix/store/k9gallbn1nij77ryg2dix2iwrrky8c4g-nodejs-22.6.0-libv8"
            }
          ],
          "store_path": "/nix/store/vpz3z6kvx63xiwgippddkp62vi4h8g3z-nodejs-22.6.0"
        },
        "x86_64-linux": {
          "outputs": [
            {
              "name": "out",
              "path": "/nix/store/gb9rkc33y0qxk8ps1wyflry1gmz2q9w8-nodejs-22.6.0",
              "default": true
            },
            {
              "name": "libv8",
              "path": "/nix/store/6v7dxcn0azh24swdv3745pfprhxcg4jr-nodejs-22.6.0-libv8"
            }
          ],
          "store_path": "/nix/store/gb9rkc33y0qxk8ps1wyflry1gmz2q9w8-nodejs-22.6.0"
        }
      }
    },
    "python312Packages.mysqlclient@latest": {
      "last_modified": "2024-08-31T10:12:23Z",
      "resolved": "github:NixOS/nixpkgs/5629520edecb69630a3f4d17d3d33fc96c13f6fe#python312Packages.mysqlclient",
      "source": "devbox-search",
      "version": "2.2.4",
      "systems": {
        "aarch64-darwin": {
          "outputs": [
            {
              "name": "out",
              "path": "/nix/store/mqw5ysfbslcsp0k840mpnl6770wrf57q-python3.12-mysqlclient-2.2.4",
              "default": true
            },
            {
              "name": "dist",
              "path": "/nix/store/ih37wm1z5m7ppkzvf3gmmffzccp4hf3r-python3.12-mysqlclient-2.2.4-dist"
            }
          ],
          "store_path": "/nix/store/mqw5ysfbslcsp0k840mpnl6770wrf57q-python3.12-mysqlclient-2.2.4"
        },
        "aarch64-linux": {
          "outputs": [
            {
              "name": "out",
              "path": "/nix/store/c037gcahc0h12x0c4z9g2qwsm1vdhpcq-python3.12-mysqlclient-2.2.4",
              "default": true
            },
            {
              "name": "dist",
              "path": "/nix/store/hnlwypg1mrk22v39nia951iqgyhil957-python3.12-mysqlclient-2.2.4-dist"
            }
          ],
          "store_path": "/nix/store/c037gcahc0h12x0c4z9g2qwsm1vdhpcq-python3.12-mysqlclient-2.2.4"
        },
        "x86_64-darwin": {
          "outputs": [
            {
              "name": "out",
              "path": "/nix/store/wdbcmdjwf9x7sqbi36nhl9sykdai0076-python3.12-mysqlclient-2.2.4",
              "default": true
            },
            {
              "name": "dist",
              "path": "/nix/store/0z2siii2wwzgrc1ych9jmkmr6ykyhqlj-python3.12-mysqlclient-2.2.4-dist"
            }
          ],
          "store_path": "/nix/store/wdbcmdjwf9x7sqbi36nhl9sykdai0076-python3.12-mysqlclient-2.2.4"
        },
        "x86_64-linux": {
          "outputs": [
            {
              "name": "out",
              "path": "/nix/store/bybbwf2h26prhfd478qbbpgic76a4ink-python3.12-mysqlclient-2.2.4",
              "default": true
            },
            {
              "name": "dist",
              "path": "/nix/store/5wr284ybyxk4j2m9ckc9h4ik134bb34h-python3.12-mysqlclient-2.2.4-dist"
            }
          ],
          "store_path": "/nix/store/bybbwf2h26prhfd478qbbpgic76a4ink-python3.12-mysqlclient-2.2.4"
        }
      }
    },
    "python@latest": {
      "last_modified": "2024-08-31T10:12:23Z",
      "plugin_version": "0.0.3",
      "resolved": "github:NixOS/nixpkgs/5629520edecb69630a3f4d17d3d33fc96c13f6fe#python3",
      "source": "devbox-search",
      "version": "3.12.5",
      "systems": {
        "aarch64-darwin": {
          "outputs": [
            {
              "name": "out",
              "path": "/nix/store/75j38g8ii1nqkmpf6sdlj3s5dyah3gas-python3-3.12.5",
              "default": true
            }
          ],
          "store_path": "/nix/store/75j38g8ii1nqkmpf6sdlj3s5dyah3gas-python3-3.12.5"
        },
        "aarch64-linux": {
          "outputs": [
            {
              "name": "out",
              "path": "/nix/store/ajjwc8k8sk3ksrl3dq4fsg83m1j8n8s3-python3-3.12.5",
              "default": true
            },
            {
              "name": "debug",
              "path": "/nix/store/9qvs74485a1v5255w2ps0xf4rxww6w89-python3-3.12.5-debug"
            }
          ],
          "store_path": "/nix/store/ajjwc8k8sk3ksrl3dq4fsg83m1j8n8s3-python3-3.12.5"
        },
        "x86_64-darwin": {
          "outputs": [
            {
              "name": "out",
              "path": "/nix/store/rv3rj95fxv57c7qwgl43qa7n0fabdy0a-python3-3.12.5",
              "default": true
            }
          ],
          "store_path": "/nix/store/rv3rj95fxv57c7qwgl43qa7n0fabdy0a-python3-3.12.5"
        },
        "x86_64-linux": {
          "outputs": [
            {
              "name": "out",
              "path": "/nix/store/pgb120fb7srbh418v4i2a70aq1w9dawd-python3-3.12.5",
              "default": true
            },
            {
              "name": "debug",
              "path": "/nix/store/4ws5lqhgsxdpfb924n49ma6ll7i8x0hf-python3-3.12.5-debug"
            }
          ],
          "store_path": "/nix/store/pgb120fb7srbh418v4i2a70aq1w9dawd-python3-3.12.5"
        }
      }
    }
  }
}
